// !$*UTF8*$!
{
	archiveVersion = 1;
	classes = {
	};
	objectVersion = 50;
	objects = {

/* Begin PBXBuildFile section */
		2B07AE57213075410059FAC1 /* AppDelegate.swift in Sources */ = {isa = PBXBuildFile; fileRef = 2B07AE56213075410059FAC1 /* AppDelegate.swift */; };
		2B07AE5E213075410059FAC1 /* Main.storyboard in Resources */ = {isa = PBXBuildFile; fileRef = 2B07AE5C213075410059FAC1 /* Main.storyboard */; };
		2B07AE60213075430059FAC1 /* Assets.xcassets in Resources */ = {isa = PBXBuildFile; fileRef = 2B07AE5F213075430059FAC1 /* Assets.xcassets */; };
		2B07AE63213075430059FAC1 /* LaunchScreen.storyboard in Resources */ = {isa = PBXBuildFile; fileRef = 2B07AE61213075430059FAC1 /* LaunchScreen.storyboard */; };
		2B07AE6E21307A280059FAC1 /* Loisirs.swift in Sources */ = {isa = PBXBuildFile; fileRef = 2B07AE6D21307A280059FAC1 /* Loisirs.swift */; };
		2B07AE7021307CFD0059FAC1 /* LoisirCollection.swift in Sources */ = {isa = PBXBuildFile; fileRef = 2B07AE6F21307CFD0059FAC1 /* LoisirCollection.swift */; };
		2BA3590921308AFC00362141 /* ControllerAvecTableView.swift in Sources */ = {isa = PBXBuildFile; fileRef = 2BA3590821308AFC00362141 /* ControllerAvecTableView.swift */; };
		2BA3590B21308B2500362141 /* ControllerAvecCarte.swift in Sources */ = {isa = PBXBuildFile; fileRef = 2BA3590A21308B2500362141 /* ControllerAvecCarte.swift */; };
		2BA3590D21308B6700362141 /* TableViewIntegreeController.swift in Sources */ = {isa = PBXBuildFile; fileRef = 2BA3590C21308B6700362141 /* TableViewIntegreeController.swift */; };
/* End PBXBuildFile section */

/* Begin PBXFileReference section */
		2B07AE53213075410059FAC1 /* Etudier à Vichy.app */ = {isa = PBXFileReference; explicitFileType = wrapper.application; includeInIndex = 0; path = "Etudier à Vichy.app"; sourceTree = BUILT_PRODUCTS_DIR; };
		2B07AE56213075410059FAC1 /* AppDelegate.swift */ = {isa = PBXFileReference; lastKnownFileType = sourcecode.swift; path = AppDelegate.swift; sourceTree = "<group>"; };
		2B07AE5D213075410059FAC1 /* Base */ = {isa = PBXFileReference; lastKnownFileType = file.storyboard; name = Base; path = Base.lproj/Main.storyboard; sourceTree = "<group>"; };
		2B07AE5F213075430059FAC1 /* Assets.xcassets */ = {isa = PBXFileReference; lastKnownFileType = folder.assetcatalog; path = Assets.xcassets; sourceTree = "<group>"; };
		2B07AE62213075430059FAC1 /* Base */ = {isa = PBXFileReference; lastKnownFileType = file.storyboard; name = Base; path = Base.lproj/LaunchScreen.storyboard; sourceTree = "<group>"; };
		2B07AE64213075430059FAC1 /* Info.plist */ = {isa = PBXFileReference; lastKnownFileType = text.plist.xml; path = Info.plist; sourceTree = "<group>"; };
		2B07AE6D21307A280059FAC1 /* Loisirs.swift */ = {isa = PBXFileReference; lastKnownFileType = sourcecode.swift; path = Loisirs.swift; sourceTree = "<group>"; };
		2B07AE6F21307CFD0059FAC1 /* LoisirCollection.swift */ = {isa = PBXFileReference; lastKnownFileType = sourcecode.swift; path = LoisirCollection.swift; sourceTree = "<group>"; };
		2BA3590821308AFC00362141 /* ControllerAvecTableView.swift */ = {isa = PBXFileReference; lastKnownFileType = sourcecode.swift; path = ControllerAvecTableView.swift; sourceTree = "<group>"; };
		2BA3590A21308B2500362141 /* ControllerAvecCarte.swift */ = {isa = PBXFileReference; lastKnownFileType = sourcecode.swift; path = ControllerAvecCarte.swift; sourceTree = "<group>"; };
		2BA3590C21308B6700362141 /* TableViewIntegreeController.swift */ = {isa = PBXFileReference; lastKnownFileType = sourcecode.swift; path = TableViewIntegreeController.swift; sourceTree = "<group>"; };
/* End PBXFileReference section */

/* Begin PBXFrameworksBuildPhase section */
		2B07AE50213075410059FAC1 /* Frameworks */ = {
			isa = PBXFrameworksBuildPhase;
			buildActionMask = 2147483647;
			files = (
			);
			runOnlyForDeploymentPostprocessing = 0;
		};
/* End PBXFrameworksBuildPhase section */

/* Begin PBXGroup section */
		2B07AE4A213075410059FAC1 = {
			isa = PBXGroup;
			children = (
				2B07AE55213075410059FAC1 /* Etudier à Vichy */,
				2B07AE54213075410059FAC1 /* Products */,
			);
			sourceTree = "<group>";
		};
		2B07AE54213075410059FAC1 /* Products */ = {
			isa = PBXGroup;
			children = (
				2B07AE53213075410059FAC1 /* Etudier à Vichy.app */,
			);
			name = Products;
			sourceTree = "<group>";
		};
		2B07AE55213075410059FAC1 /* Etudier à Vichy */ = {
			isa = PBXGroup;
			children = (
				2B07AE6A213078FD0059FAC1 /* Modele */,
				2B07AE6B213079190059FAC1 /* Vue */,
				2B07AE6C2130792E0059FAC1 /* Controller */,
				2B07AE56213075410059FAC1 /* AppDelegate.swift */,
				2B07AE5C213075410059FAC1 /* Main.storyboard */,
				2B07AE5F213075430059FAC1 /* Assets.xcassets */,
				2B07AE61213075430059FAC1 /* LaunchScreen.storyboard */,
				2B07AE64213075430059FAC1 /* Info.plist */,
			);
			path = "Etudier à Vichy";
			sourceTree = "<group>";
		};
		2B07AE6A213078FD0059FAC1 /* Modele */ = {
			isa = PBXGroup;
			children = (
				2B07AE6D21307A280059FAC1 /* Loisirs.swift */,
				2B07AE6F21307CFD0059FAC1 /* LoisirCollection.swift */,
			);
			path = Modele;
			sourceTree = "<group>";
		};
		2B07AE6B213079190059FAC1 /* Vue */ = {
			isa = PBXGroup;
			children = (
			);
			path = Vue;
			sourceTree = "<group>";
		};
		2B07AE6C2130792E0059FAC1 /* Controller */ = {
			isa = PBXGroup;
			children = (
				2BA3590821308AFC00362141 /* ControllerAvecTableView.swift */,
				2BA3590A21308B2500362141 /* ControllerAvecCarte.swift */,
				2BA3590C21308B6700362141 /* TableViewIntegreeController.swift */,
			);
			path = Controller;
			sourceTree = "<group>";
		};
/* End PBXGroup section */

/* Begin PBXNativeTarget section */
		2B07AE52213075410059FAC1 /* Etudier à Vichy */ = {
			isa = PBXNativeTarget;
			buildConfigurationList = 2B07AE67213075430059FAC1 /* Build configuration list for PBXNativeTarget "Etudier à Vichy" */;
			buildPhases = (
				2B07AE4F213075410059FAC1 /* Sources */,
				2B07AE50213075410059FAC1 /* Frameworks */,
				2B07AE51213075410059FAC1 /* Resources */,
			);
			buildRules = (
			);
			dependencies = (
			);
			name = "Etudier à Vichy";
			productName = "Etudier à Vichy";
			productReference = 2B07AE53213075410059FAC1 /* Etudier à Vichy.app */;
			productType = "com.apple.product-type.application";
		};
/* End PBXNativeTarget section */

/* Begin PBXProject section */
		2B07AE4B213075410059FAC1 /* Project object */ = {
			isa = PBXProject;
			attributes = {
				LastSwiftUpdateCheck = 1000;
				LastUpgradeCheck = 1000;
				ORGANIZATIONNAME = "GONZALES David";
				TargetAttributes = {
					2B07AE52213075410059FAC1 = {
						CreatedOnToolsVersion = 10.0;
					};
				};
			};
			buildConfigurationList = 2B07AE4E213075410059FAC1 /* Build configuration list for PBXProject "Etudier à Vichy" */;
			compatibilityVersion = "Xcode 9.3";
			developmentRegion = en;
			hasScannedForEncodings = 0;
			knownRegions = (
				en,
				Base,
			);
			mainGroup = 2B07AE4A213075410059FAC1;
			productRefGroup = 2B07AE54213075410059FAC1 /* Products */;
			projectDirPath = "";
			projectRoot = "";
			targets = (
				2B07AE52213075410059FAC1 /* Etudier à Vichy */,
			);
		};
/* End PBXProject section */

/* Begin PBXResourcesBuildPhase section */
		2B07AE51213075410059FAC1 /* Resources */ = {
			isa = PBXResourcesBuildPhase;
			buildActionMask = 2147483647;
			files = (
				2B07AE63213075430059FAC1 /* LaunchScreen.storyboard in Resources */,
				2B07AE60213075430059FAC1 /* Assets.xcassets in Resources */,
				2B07AE5E213075410059FAC1 /* Main.storyboard in Resources */,
			);
			runOnlyForDeploymentPostprocessing = 0;
		};
/* End PBXResourcesBuildPhase section */

/* Begin PBXSourcesBuildPhase section */
		2B07AE4F213075410059FAC1 /* Sources */ = {
			isa = PBXSourcesBuildPhase;
			buildActionMask = 2147483647;
			files = (
				2BA3590D21308B6700362141 /* TableViewIntegreeController.swift in Sources */,
				2B07AE6E21307A280059FAC1 /* Loisirs.swift in Sources */,
				2B07AE7021307CFD0059FAC1 /* LoisirCollection.swift in Sources */,
				2BA3590B21308B2500362141 /* ControllerAvecCarte.swift in Sources */,
				2BA3590921308AFC00362141 /* ControllerAvecTableView.swift in Sources */,
				2B07AE57213075410059FAC1 /* AppDelegate.swift in Sources */,
			);
			runOnlyForDeploymentPostprocessing = 0;
		};
/* End PBXSourcesBuildPhase section */

/* Begin PBXVariantGroup section */
		2B07AE5C213075410059FAC1 /* Main.storyboard */ = {
			isa = PBXVariantGroup;
			children = (
				2B07AE5D213075410059FAC1 /* Base */,
			);
			name = Main.storyboard;
			sourceTree = "<group>";
		};
		2B07AE61213075430059FAC1 /* LaunchScreen.storyboard */ = {
			isa = PBXVariantGroup;
			children = (
				2B07AE62213075430059FAC1 /* Base */,
			);
			name = LaunchScreen.storyboard;
			sourceTree = "<group>";
		};
/* End PBXVariantGroup section */

/* Begin XCBuildConfiguration section */
		2B07AE65213075430059FAC1 /* Debug */ = {
			isa = XCBuildConfiguration;
			buildSettings = {
				ALWAYS_SEARCH_USER_PATHS = NO;
				CLANG_ANALYZER_NONNULL = YES;
				CLANG_ANALYZER_NUMBER_OBJECT_CONVERSION = YES_AGGRESSIVE;
				CLANG_CXX_LANGUAGE_STANDARD = "gnu++14";
				CLANG_CXX_LIBRARY = "libc++";
				CLANG_ENABLE_MODULES = YES;
				CLANG_ENABLE_OBJC_ARC = YES;
				CLANG_ENABLE_OBJC_WEAK = YES;
				CLANG_WARN_BLOCK_CAPTURE_AUTORELEASING = YES;
				CLANG_WARN_BOOL_CONVERSION = YES;
				CLANG_WARN_COMMA = YES;
				CLANG_WARN_CONSTANT_CONVERSION = YES;
				CLANG_WARN_DEPRECATED_OBJC_IMPLEMENTATIONS = YES;
				CLANG_WARN_DIRECT_OBJC_ISA_USAGE = YES_ERROR;
				CLANG_WARN_DOCUMENTATION_COMMENTS = YES;
				CLANG_WARN_EMPTY_BODY = YES;
				CLANG_WARN_ENUM_CONVERSION = YES;
				CLANG_WARN_INFINITE_RECURSION = YES;
				CLANG_WARN_INT_CONVERSION = YES;
				CLANG_WARN_NON_LITERAL_NULL_CONVERSION = YES;
				CLANG_WARN_OBJC_IMPLICIT_RETAIN_SELF = YES;
				CLANG_WARN_OBJC_LITERAL_CONVERSION = YES;
				CLANG_WARN_OBJC_ROOT_CLASS = YES_ERROR;
				CLANG_WARN_RANGE_LOOP_ANALYSIS = YES;
				CLANG_WARN_STRICT_PROTOTYPES = YES;
				CLANG_WARN_SUSPICIOUS_MOVE = YES;
				CLANG_WARN_UNGUARDED_AVAILABILITY = YES_AGGRESSIVE;
				CLANG_WARN_UNREACHABLE_CODE = YES;
				CLANG_WARN__DUPLICATE_METHOD_MATCH = YES;
				CODE_SIGN_IDENTITY = "iPhone Developer";
				COPY_PHASE_STRIP = NO;
				DEBUG_INFORMATION_FORMAT = dwarf;
				ENABLE_STRICT_OBJC_MSGSEND = YES;
				ENABLE_TESTABILITY = YES;
				GCC_C_LANGUAGE_STANDARD = gnu11;
				GCC_DYNAMIC_NO_PIC = NO;
				GCC_NO_COMMON_BLOCKS = YES;
				GCC_OPTIMIZATION_LEVEL = 0;
				GCC_PREPROCESSOR_DEFINITIONS = (
					"DEBUG=1",
					"$(inherited)",
				);
				GCC_WARN_64_TO_32_BIT_CONVERSION = YES;
				GCC_WARN_ABOUT_RETURN_TYPE = YES_ERROR;
				GCC_WARN_UNDECLARED_SELECTOR = YES;
				GCC_WARN_UNINITIALIZED_AUTOS = YES_AGGRESSIVE;
				GCC_WARN_UNUSED_FUNCTION = YES;
				GCC_WARN_UNUSED_VARIABLE = YES;
				IPHONEOS_DEPLOYMENT_TARGET = 12.0;
				MTL_ENABLE_DEBUG_INFO = INCLUDE_SOURCE;
				MTL_FAST_MATH = YES;
				ONLY_ACTIVE_ARCH = YES;
				SDKROOT = iphoneos;
				SWIFT_ACTIVE_COMPILATION_CONDITIONS = DEBUG;
				SWIFT_OPTIMIZATION_LEVEL = "-Onone";
			};
			name = Debug;
		};
		2B07AE66213075430059FAC1 /* Release */ = {
			isa = XCBuildConfiguration;
			buildSettings = {
				ALWAYS_SEARCH_USER_PATHS = NO;
				CLANG_ANALYZER_NONNULL = YES;
				CLANG_ANALYZER_NUMBER_OBJECT_CONVERSION = YES_AGGRESSIVE;
				CLANG_CXX_LANGUAGE_STANDARD = "gnu++14";
				CLANG_CXX_LIBRARY = "libc++";
				CLANG_ENABLE_MODULES = YES;
				CLANG_ENABLE_OBJC_ARC = YES;
				CLANG_ENABLE_OBJC_WEAK = YES;
				CLANG_WARN_BLOCK_CAPTURE_AUTORELEASING = YES;
				CLANG_WARN_BOOL_CONVERSION = YES;
				CLANG_WARN_COMMA = YES;
				CLANG_WARN_CONSTANT_CONVERSION = YES;
				CLANG_WARN_DEPRECATED_OBJC_IMPLEMENTATIONS = YES;
				CLANG_WARN_DIRECT_OBJC_ISA_USAGE = YES_ERROR;
				CLANG_WARN_DOCUMENTATION_COMMENTS = YES;
				CLANG_WARN_EMPTY_BODY = YES;
				CLANG_WARN_ENUM_CONVERSION = YES;
				CLANG_WARN_INFINITE_RECURSION = YES;
				CLANG_WARN_INT_CONVERSION = YES;
				CLANG_WARN_NON_LITERAL_NULL_CONVERSION = YES;
				CLANG_WARN_OBJC_IMPLICIT_RETAIN_SELF = YES;
				CLANG_WARN_OBJC_LITERAL_CONVERSION = YES;
				CLANG_WARN_OBJC_ROOT_CLASS = YES_ERROR;
				CLANG_WARN_RANGE_LOOP_ANALYSIS = YES;
				CLANG_WARN_STRICT_PROTOTYPES = YES;
				CLANG_WARN_SUSPICIOUS_MOVE = YES;
				CLANG_WARN_UNGUARDED_AVAILABILITY = YES_AGGRESSIVE;
				CLANG_WARN_UNREACHABLE_CODE = YES;
				CLANG_WARN__DUPLICATE_METHOD_MATCH = YES;
				CODE_SIGN_IDENTITY = "iPhone Developer";
				COPY_PHASE_STRIP = NO;
				DEBUG_INFORMATION_FORMAT = "dwarf-with-dsym";
				ENABLE_NS_ASSERTIONS = NO;
				ENABLE_STRICT_OBJC_MSGSEND = YES;
				GCC_C_LANGUAGE_STANDARD = gnu11;
				GCC_NO_COMMON_BLOCKS = YES;
				GCC_WARN_64_TO_32_BIT_CONVERSION = YES;
				GCC_WARN_ABOUT_RETURN_TYPE = YES_ERROR;
				GCC_WARN_UNDECLARED_SELECTOR = YES;
				GCC_WARN_UNINITIALIZED_AUTOS = YES_AGGRESSIVE;
				GCC_WARN_UNUSED_FUNCTION = YES;
				GCC_WARN_UNUSED_VARIABLE = YES;
				IPHONEOS_DEPLOYMENT_TARGET = 12.0;
				MTL_ENABLE_DEBUG_INFO = NO;
				MTL_FAST_MATH = YES;
				SDKROOT = iphoneos;
				SWIFT_COMPILATION_MODE = wholemodule;
				SWIFT_OPTIMIZATION_LEVEL = "-O";
				VALIDATE_PRODUCT = YES;
			};
			name = Release;
		};
		2B07AE68213075430059FAC1 /* Debug */ = {
			isa = XCBuildConfiguration;
			buildSettings = {
				ASSETCATALOG_COMPILER_APPICON_NAME = AppIcon;
				CODE_SIGN_STYLE = Automatic;
				DEVELOPMENT_TEAM = 9KUX2554RJ;
				INFOPLIST_FILE = "Etudier à Vichy/Info.plist";
				LD_RUNPATH_SEARCH_PATHS = (
					"$(inherited)",
					"@executable_path/Frameworks",
				);
				PRODUCT_BUNDLE_IDENTIFIER = "com.gonzalesdavid.Etudier-a--Vichy";
				PRODUCT_NAME = "$(TARGET_NAME)";
				SWIFT_VERSION = 4.2;
				TARGETED_DEVICE_FAMILY = "1,2";
			};
			name = Debug;
		};
		2B07AE69213075430059FAC1 /* Release */ = {
			isa = XCBuildConfiguration;
			buildSettings = {
				ASSETCATALOG_COMPILER_APPICON_NAME = AppIcon;
				CODE_SIGN_STYLE = Automatic;
				DEVELOPMENT_TEAM = 9KUX2554RJ;
				INFOPLIST_FILE = "Etudier à Vichy/Info.plist";
				LD_RUNPATH_SEARCH_PATHS = (
					"$(inherited)",
					"@executable_path/Frameworks",
				);
				PRODUCT_BUNDLE_IDENTIFIER = "com.gonzalesdavid.Etudier-a--Vichy";
				PRODUCT_NAME = "$(TARGET_NAME)";
				SWIFT_VERSION = 4.2;
				TARGETED_DEVICE_FAMILY = "1,2";
			};
			name = Release;
		};
/* End XCBuildConfiguration section */

/* Begin XCConfigurationList section */
		2B07AE4E213075410059FAC1 /* Build configuration list for PBXProject "Etudier à Vichy" */ = {
			isa = XCConfigurationList;
			buildConfigurations = (
				2B07AE65213075430059FAC1 /* Debug */,
				2B07AE66213075430059FAC1 /* Release */,
			);
			defaultConfigurationIsVisible = 0;
			defaultConfigurationName = Release;
		};
		2B07AE67213075430059FAC1 /* Build configuration list for PBXNativeTarget "Etudier à Vichy" */ = {
			isa = XCConfigurationList;
			buildConfigurations = (
				2B07AE68213075430059FAC1 /* Debug */,
				2B07AE69213075430059FAC1 /* Release */,
			);
			defaultConfigurationIsVisible = 0;
			defaultConfigurationName = Release;
		};
/* End XCConfigurationList section */
	};
	rootObject = 2B07AE4B213075410059FAC1 /* Project object */;
}
